
Microsoft Visual Studio Solution File, Format Version 12.00
# Visual Studio Version 17
VisualStudioVersion = 17.9.34714.143
MinimumVisualStudioVersion = 10.0.40219.1
Project("{9A19103F-16F7-4668-BE54-9A1E7A4F7556}") = "Pedido7115547", "Pedido7115547\Pedido7115547.csproj", "{CCAC9CE6-99F1-4ED8-8ED8-0D9DCA2E175C}"
EndProject
Global
	GlobalSection(SolutionConfigurationPlatforms) = preSolution
		Debug|Any CPU = Debug|Any CPU
		Release|Any CPU = Release|Any CPU
	EndGlobalSection
	GlobalSection(ProjectConfigurationPlatforms) = postSolution
		{CCAC9CE6-99F1-4ED8-8ED8-0D9DCA2E175C}.Debug|Any CPU.ActiveCfg = Debug|Any CPU
		{CCAC9CE6-99F1-4ED8-8ED8-0D9DCA2E175C}.Debug|Any CPU.Build.0 = Debug|Any CPU
		{CCAC9CE6-99F1-4ED8-8ED8-0D9DCA2E175C}.Release|Any CPU.ActiveCfg = Release|Any CPU
		{CCAC9CE6-99F1-4ED8-8ED8-0D9DCA2E175C}.Release|Any CPU.Build.0 = Release|Any CPU
	EndGlobalSection
	GlobalSection(SolutionProperties) = preSolution
		HideSolutionNode = FALSE
	EndGlobalSection
	GlobalSection(ExtensibilityGlobals) = postSolution
		SolutionGuid = {1B06AAFE-3D8B-44D2-A413-6D4A94228BE6}
	EndGlobalSection
EndGlobal
